
Microsoft Visual Studio Solution File, Format Version 12.00
# Visual Studio Version 17
VisualStudioVersion = 17.1.32328.378
MinimumVisualStudioVersion = 10.0.40219.1
Project("{8BC9CEB8-8B4A-11D0-8D11-00A0C91BC942}") = "字符串高级转换", "字符串高级转换\字符串高级转换.vcxproj", "{B9BEEA25-BDAD-4E19-8B85-15A921122F9F}"
EndProject
Global
	GlobalSection(SolutionConfigurationPlatforms) = preSolution
		Debug|x64 = Debug|x64
		Debug|x86 = Debug|x86
		Release|x64 = Release|x64
		Release|x86 = Release|x86
	EndGlobalSection
	GlobalSection(ProjectConfigurationPlatforms) = postSolution
		{B9BEEA25-BDAD-4E19-8B85-15A921122F9F}.Debug|x64.ActiveCfg = Debug|x64
		{B9BEEA25-BDAD-4E19-8B85-15A921122F9F}.Debug|x64.Build.0 = Debug|x64
		{B9BEEA25-BDAD-4E19-8B85-15A921122F9F}.Debug|x86.ActiveCfg = Debug|Win32
		{B9BEEA25-BDAD-4E19-8B85-15A921122F9F}.Debug|x86.Build.0 = Debug|Win32
		{B9BEEA25-BDAD-4E19-8B85-15A921122F9F}.Release|x64.ActiveCfg = Release|x64
		{B9BEEA25-BDAD-4E19-8B85-15A921122F9F}.Release|x64.Build.0 = Release|x64
		{B9BEEA25-BDAD-4E19-8B85-15A921122F9F}.Release|x86.ActiveCfg = Release|Win32
		{B9BEEA25-BDAD-4E19-8B85-15A921122F9F}.Release|x86.Build.0 = Release|Win32
	EndGlobalSection
	GlobalSection(SolutionProperties) = preSolution
		HideSolutionNode = FALSE
	EndGlobalSection
	GlobalSection(ExtensibilityGlobals) = postSolution
		SolutionGuid = {85DAFBE3-9A18-49C0-8E56-E015D6EB871A}
	EndGlobalSection
EndGlobal
